
Microsoft Visual Studio Solution File, Format Version 12.00
# Visual Studio 15
VisualStudioVersion = 15.0.27703.2026
MinimumVisualStudioVersion = 10.0.40219.1
Project("{FAE04EC0-301F-11D3-BF4B-00C04F79EFBC}") = "PuffAdder", "puffAdderApp\PuffAdder.csproj", "{E5CE7F9C-11E8-4778-85DC-B19FA005CB1B}"
EndProject
Global
	GlobalSection(SolutionConfigurationPlatforms) = preSolution
		Debug|Any CPU = Debug|Any CPU
		Release|Any CPU = Release|Any CPU
	EndGlobalSection
	GlobalSection(ProjectConfigurationPlatforms) = postSolution
		{E5CE7F9C-11E8-4778-85DC-B19FA005CB1B}.Debug|Any CPU.ActiveCfg = Debug|Any CPU
		{E5CE7F9C-11E8-4778-85DC-B19FA005CB1B}.Debug|Any CPU.Build.0 = Debug|Any CPU
		{E5CE7F9C-11E8-4778-85DC-B19FA005CB1B}.Release|Any CPU.ActiveCfg = Release|Any CPU
		{E5CE7F9C-11E8-4778-85DC-B19FA005CB1B}.Release|Any CPU.Build.0 = Release|Any CPU
	EndGlobalSection
	GlobalSection(SolutionProperties) = preSolution
		HideSolutionNode = FALSE
	EndGlobalSection
	GlobalSection(ExtensibilityGlobals) = postSolution
		SolutionGuid = {F0096E41-A051-44E5-9AA6-B6F6A9C9B10D}
	EndGlobalSection
EndGlobal
